// !$*UTF8*$!
{
	archiveVersion = 1;
	classes = {
	};
	objectVersion = 56;
	objects = {

/* Begin PBXBuildFile section */
		267EF9812AF7EE8E0059FB73 /* RoshettaBannerApp.swift in Sources */ = {isa = PBXBuildFile; fileRef = 267EF9802AF7EE8E0059FB73 /* RoshettaBannerApp.swift */; };
		267EF9832AF7EE8E0059FB73 /* ContentView.swift in Sources */ = {isa = PBXBuildFile; fileRef = 267EF9822AF7EE8E0059FB73 /* ContentView.swift */; };
		267EF9882AF7EE900059FB73 /* Preview Assets.xcassets in Resources */ = {isa = PBXBuildFile; fileRef = 267EF9872AF7EE900059FB73 /* Preview Assets.xcassets */; };
		267EF98F2AF7EECA0059FB73 /* SliderBannerView.swift in Sources */ = {isa = PBXBuildFile; fileRef = 267EF98E2AF7EECA0059FB73 /* SliderBannerView.swift */; };
		2698D3C92AF848EF00707377 /* CategoryCard.swift in Sources */ = {isa = PBXBuildFile; fileRef = 2698D3C82AF848EF00707377 /* CategoryCard.swift */; };
		2698D3CD2AF84A8500707377 /* CategoriesModel.swift in Sources */ = {isa = PBXBuildFile; fileRef = 2698D3CC2AF84A8500707377 /* CategoriesModel.swift */; };
		2698D3D02AF8595400707377 /* doctorDetails.swift in Sources */ = {isa = PBXBuildFile; fileRef = 2698D3CF2AF8595400707377 /* doctorDetails.swift */; };
		2698D3D22AF8595D00707377 /* ClinicsDetails.swift in Sources */ = {isa = PBXBuildFile; fileRef = 2698D3D12AF8595D00707377 /* ClinicsDetails.swift */; };
		2698D3D42AF8596E00707377 /* centersDetails.swift in Sources */ = {isa = PBXBuildFile; fileRef = 2698D3D32AF8596E00707377 /* centersDetails.swift */; };
		2698D3D62AF8597E00707377 /* SpecialistDetails.swift in Sources */ = {isa = PBXBuildFile; fileRef = 2698D3D52AF8597E00707377 /* SpecialistDetails.swift */; };
		26A5109D2AFACB2B005FEE7B /* Assets.xcassets in Resources */ = {isa = PBXBuildFile; fileRef = 26A5109C2AFACB2B005FEE7B /* Assets.xcassets */; };
		26A5109F2AFAED5A005FEE7B /* NearestDoctors.swift in Sources */ = {isa = PBXBuildFile; fileRef = 26A5109E2AFAED5A005FEE7B /* NearestDoctors.swift */; };
		26A510A32AFAEDB4005FEE7B /* NearestDoctorsModel.swift in Sources */ = {isa = PBXBuildFile; fileRef = 26A510A22AFAEDB4005FEE7B /* NearestDoctorsModel.swift */; };
		26D352BC2AF9A0BC0005890B /* NearestCentersCard.swift in Sources */ = {isa = PBXBuildFile; fileRef = 26D352BB2AF9A0BC0005890B /* NearestCentersCard.swift */; };
		26D352C02AF9A1D20005890B /* CentersCardDetails.swift in Sources */ = {isa = PBXBuildFile; fileRef = 26D352BF2AF9A1D20005890B /* CentersCardDetails.swift */; };
		26F9971B2B0C12830011B112 /* DoctorDetails.swift in Sources */ = {isa = PBXBuildFile; fileRef = 26F9971A2B0C12830011B112 /* DoctorDetails.swift */; };
/* End PBXBuildFile section */

/* Begin PBXFileReference section */
		267EF97D2AF7EE8E0059FB73 /* RoshettaBanner.app */ = {isa = PBXFileReference; explicitFileType = wrapper.application; includeInIndex = 0; path = RoshettaBanner.app; sourceTree = BUILT_PRODUCTS_DIR; };
		267EF9802AF7EE8E0059FB73 /* RoshettaBannerApp.swift */ = {isa = PBXFileReference; lastKnownFileType = sourcecode.swift; path = RoshettaBannerApp.swift; sourceTree = "<group>"; };
		267EF9822AF7EE8E0059FB73 /* ContentView.swift */ = {isa = PBXFileReference; lastKnownFileType = sourcecode.swift; path = ContentView.swift; sourceTree = "<group>"; };
		267EF9872AF7EE900059FB73 /* Preview Assets.xcassets */ = {isa = PBXFileReference; lastKnownFileType = folder.assetcatalog; path = "Preview Assets.xcassets"; sourceTree = "<group>"; };
		267EF98E2AF7EECA0059FB73 /* SliderBannerView.swift */ = {isa = PBXFileReference; lastKnownFileType = sourcecode.swift; path = SliderBannerView.swift; sourceTree = "<group>"; };
		2698D3C82AF848EF00707377 /* CategoryCard.swift */ = {isa = PBXFileReference; lastKnownFileType = sourcecode.swift; path = CategoryCard.swift; sourceTree = "<group>"; };
		2698D3CC2AF84A8500707377 /* CategoriesModel.swift */ = {isa = PBXFileReference; lastKnownFileType = sourcecode.swift; path = CategoriesModel.swift; sourceTree = "<group>"; };
		2698D3CF2AF8595400707377 /* doctorDetails.swift */ = {isa = PBXFileReference; lastKnownFileType = sourcecode.swift; path = doctorDetails.swift; sourceTree = "<group>"; };
		2698D3D12AF8595D00707377 /* ClinicsDetails.swift */ = {isa = PBXFileReference; lastKnownFileType = sourcecode.swift; path = ClinicsDetails.swift; sourceTree = "<group>"; };
		2698D3D32AF8596E00707377 /* centersDetails.swift */ = {isa = PBXFileReference; lastKnownFileType = sourcecode.swift; path = centersDetails.swift; sourceTree = "<group>"; };
		2698D3D52AF8597E00707377 /* SpecialistDetails.swift */ = {isa = PBXFileReference; lastKnownFileType = sourcecode.swift; path = SpecialistDetails.swift; sourceTree = "<group>"; };
		26A5109C2AFACB2B005FEE7B /* Assets.xcassets */ = {isa = PBXFileReference; lastKnownFileType = folder.assetcatalog; path = Assets.xcassets; sourceTree = "<group>"; };
		26A5109E2AFAED5A005FEE7B /* NearestDoctors.swift */ = {isa = PBXFileReference; lastKnownFileType = sourcecode.swift; path = NearestDoctors.swift; sourceTree = "<group>"; };
		26A510A22AFAEDB4005FEE7B /* NearestDoctorsModel.swift */ = {isa = PBXFileReference; lastKnownFileType = sourcecode.swift; path = NearestDoctorsModel.swift; sourceTree = "<group>"; };
		26D352BB2AF9A0BC0005890B /* NearestCentersCard.swift */ = {isa = PBXFileReference; lastKnownFileType = sourcecode.swift; path = NearestCentersCard.swift; sourceTree = "<group>"; };
		26D352BF2AF9A1D20005890B /* CentersCardDetails.swift */ = {isa = PBXFileReference; lastKnownFileType = sourcecode.swift; path = CentersCardDetails.swift; sourceTree = "<group>"; };
		26F9971A2B0C12830011B112 /* DoctorDetails.swift */ = {isa = PBXFileReference; lastKnownFileType = sourcecode.swift; path = DoctorDetails.swift; sourceTree = "<group>"; };
/* End PBXFileReference section */

/* Begin PBXFrameworksBuildPhase section */
		267EF97A2AF7EE8E0059FB73 /* Frameworks */ = {
			isa = PBXFrameworksBuildPhase;
			buildActionMask = 2147483647;
			files = (
			);
			runOnlyForDeploymentPostprocessing = 0;
		};
/* End PBXFrameworksBuildPhase section */

/* Begin PBXGroup section */
		264A596B2AFA3F0700BBABF7 /* CenterCard */ = {
			isa = PBXGroup;
			children = (
				26D352BB2AF9A0BC0005890B /* NearestCentersCard.swift */,
			);
			path = CenterCard;
			sourceTree = "<group>";
		};
		267EF9742AF7EE8E0059FB73 = {
			isa = PBXGroup;
			children = (
				267EF97F2AF7EE8E0059FB73 /* RoshettaBanner */,
				267EF97E2AF7EE8E0059FB73 /* Products */,
			);
			sourceTree = "<group>";
		};
		267EF97E2AF7EE8E0059FB73 /* Products */ = {
			isa = PBXGroup;
			children = (
				267EF97D2AF7EE8E0059FB73 /* RoshettaBanner.app */,
			);
			name = Products;
			sourceTree = "<group>";
		};
		267EF97F2AF7EE8E0059FB73 /* RoshettaBanner */ = {
			isa = PBXGroup;
			children = (
				2698D3CB2AF84A6800707377 /* Models */,
				2698D3CA2AF84A6200707377 /* Views */,
				267EF9802AF7EE8E0059FB73 /* RoshettaBannerApp.swift */,
				267EF9862AF7EE900059FB73 /* Preview Content */,
			);
			path = RoshettaBanner;
			sourceTree = "<group>";
		};
		267EF9862AF7EE900059FB73 /* Preview Content */ = {
			isa = PBXGroup;
			children = (
				267EF9872AF7EE900059FB73 /* Preview Assets.xcassets */,
				26A5109C2AFACB2B005FEE7B /* Assets.xcassets */,
			);
			path = "Preview Content";
			sourceTree = "<group>";
		};
		2698D3CA2AF84A6200707377 /* Views */ = {
			isa = PBXGroup;
			children = (
				26F997152B0C122A0011B112 /* DoctorDetails */,
				267EF98E2AF7EECA0059FB73 /* SliderBannerView.swift */,
				26A5109E2AFAED5A005FEE7B /* NearestDoctors.swift */,
				264A596B2AFA3F0700BBABF7 /* CenterCard */,
				2698D3CE2AF8590F00707377 /* CategoriesView */,
				267EF9822AF7EE8E0059FB73 /* ContentView.swift */,
			);
			path = Views;
			sourceTree = "<group>";
		};
		2698D3CB2AF84A6800707377 /* Models */ = {
			isa = PBXGroup;
			children = (
				2698D3CC2AF84A8500707377 /* CategoriesModel.swift */,
				26D352BF2AF9A1D20005890B /* CentersCardDetails.swift */,
				26A510A22AFAEDB4005FEE7B /* NearestDoctorsModel.swift */,
			);
			path = Models;
			sourceTree = "<group>";
		};
		2698D3CE2AF8590F00707377 /* CategoriesView */ = {
			isa = PBXGroup;
			children = (
				2698D3C82AF848EF00707377 /* CategoryCard.swift */,
				2698D3CF2AF8595400707377 /* doctorDetails.swift */,
				2698D3D12AF8595D00707377 /* ClinicsDetails.swift */,
				2698D3D32AF8596E00707377 /* centersDetails.swift */,
				2698D3D52AF8597E00707377 /* SpecialistDetails.swift */,
			);
			path = CategoriesView;
			sourceTree = "<group>";
		};
		26F997152B0C122A0011B112 /* DoctorDetails */ = {
			isa = PBXGroup;
			children = (
				26F9971A2B0C12830011B112 /* DoctorDetails.swift */,
			);
			path = DoctorDetails;
			sourceTree = "<group>";
		};
/* End PBXGroup section */

/* Begin PBXNativeTarget section */
		267EF97C2AF7EE8E0059FB73 /* RoshettaBanner */ = {
			isa = PBXNativeTarget;
			buildConfigurationList = 267EF98B2AF7EE900059FB73 /* Build configuration list for PBXNativeTarget "RoshettaBanner" */;
			buildPhases = (
				267EF9792AF7EE8E0059FB73 /* Sources */,
				267EF97A2AF7EE8E0059FB73 /* Frameworks */,
				267EF97B2AF7EE8E0059FB73 /* Resources */,
			);
			buildRules = (
			);
			dependencies = (
			);
			name = RoshettaBanner;
			productName = RoshettaBanner;
			productReference = 267EF97D2AF7EE8E0059FB73 /* RoshettaBanner.app */;
			productType = "com.apple.product-type.application";
		};
/* End PBXNativeTarget section */

/* Begin PBXProject section */
		267EF9752AF7EE8E0059FB73 /* Project object */ = {
			isa = PBXProject;
			attributes = {
				BuildIndependentTargetsInParallel = 1;
				LastSwiftUpdateCheck = 1430;
				LastUpgradeCheck = 1430;
				TargetAttributes = {
					267EF97C2AF7EE8E0059FB73 = {
						CreatedOnToolsVersion = 14.3.1;
					};
				};
			};
			buildConfigurationList = 267EF9782AF7EE8E0059FB73 /* Build configuration list for PBXProject "RoshettaBanner" */;
			compatibilityVersion = "Xcode 14.0";
			developmentRegion = en;
			hasScannedForEncodings = 0;
			knownRegions = (
				en,
				Base,
			);
			mainGroup = 267EF9742AF7EE8E0059FB73;
			productRefGroup = 267EF97E2AF7EE8E0059FB73 /* Products */;
			projectDirPath = "";
			projectRoot = "";
			targets = (
				267EF97C2AF7EE8E0059FB73 /* RoshettaBanner */,
			);
		};
/* End PBXProject section */

/* Begin PBXResourcesBuildPhase section */
		267EF97B2AF7EE8E0059FB73 /* Resources */ = {
			isa = PBXResourcesBuildPhase;
			buildActionMask = 2147483647;
			files = (
				26A5109D2AFACB2B005FEE7B /* Assets.xcassets in Resources */,
				267EF9882AF7EE900059FB73 /* Preview Assets.xcassets in Resources */,
			);
			runOnlyForDeploymentPostprocessing = 0;
		};
/* End PBXResourcesBuildPhase section */

/* Begin PBXSourcesBuildPhase section */
		267EF9792AF7EE8E0059FB73 /* Sources */ = {
			isa = PBXSourcesBuildPhase;
			buildActionMask = 2147483647;
			files = (
				267EF9832AF7EE8E0059FB73 /* ContentView.swift in Sources */,
				2698D3C92AF848EF00707377 /* CategoryCard.swift in Sources */,
				2698D3D42AF8596E00707377 /* centersDetails.swift in Sources */,
				26F9971B2B0C12830011B112 /* DoctorDetails.swift in Sources */,
				26A5109F2AFAED5A005FEE7B /* NearestDoctors.swift in Sources */,
				26A510A32AFAEDB4005FEE7B /* NearestDoctorsModel.swift in Sources */,
				26D352C02AF9A1D20005890B /* CentersCardDetails.swift in Sources */,
				26D352BC2AF9A0BC0005890B /* NearestCentersCard.swift in Sources */,
				2698D3D22AF8595D00707377 /* ClinicsDetails.swift in Sources */,
				267EF98F2AF7EECA0059FB73 /* SliderBannerView.swift in Sources */,
				2698D3D02AF8595400707377 /* doctorDetails.swift in Sources */,
				2698D3CD2AF84A8500707377 /* CategoriesModel.swift in Sources */,
				2698D3D62AF8597E00707377 /* SpecialistDetails.swift in Sources */,
				267EF9812AF7EE8E0059FB73 /* RoshettaBannerApp.swift in Sources */,
			);
			runOnlyForDeploymentPostprocessing = 0;
		};
/* End PBXSourcesBuildPhase section */

/* Begin XCBuildConfiguration section */
		267EF9892AF7EE900059FB73 /* Debug */ = {
			isa = XCBuildConfiguration;
			buildSettings = {
				ALWAYS_SEARCH_USER_PATHS = NO;
				CLANG_ANALYZER_NONNULL = YES;
				CLANG_ANALYZER_NUMBER_OBJECT_CONVERSION = YES_AGGRESSIVE;
				CLANG_CXX_LANGUAGE_STANDARD = "gnu++20";
				CLANG_ENABLE_MODULES = YES;
				CLANG_ENABLE_OBJC_ARC = YES;
				CLANG_ENABLE_OBJC_WEAK = YES;
				CLANG_WARN_BLOCK_CAPTURE_AUTORELEASING = YES;
				CLANG_WARN_BOOL_CONVERSION = YES;
				CLANG_WARN_COMMA = YES;
				CLANG_WARN_CONSTANT_CONVERSION = YES;
				CLANG_WARN_DEPRECATED_OBJC_IMPLEMENTATIONS = YES;
				CLANG_WARN_DIRECT_OBJC_ISA_USAGE = YES_ERROR;
				CLANG_WARN_DOCUMENTATION_COMMENTS = YES;
				CLANG_WARN_EMPTY_BODY = YES;
				CLANG_WARN_ENUM_CONVERSION = YES;
				CLANG_WARN_INFINITE_RECURSION = YES;
				CLANG_WARN_INT_CONVERSION = YES;
				CLANG_WARN_NON_LITERAL_NULL_CONVERSION = YES;
				CLANG_WARN_OBJC_IMPLICIT_RETAIN_SELF = YES;
				CLANG_WARN_OBJC_LITERAL_CONVERSION = YES;
				CLANG_WARN_OBJC_ROOT_CLASS = YES_ERROR;
				CLANG_WARN_QUOTED_INCLUDE_IN_FRAMEWORK_HEADER = YES;
				CLANG_WARN_RANGE_LOOP_ANALYSIS = YES;
				CLANG_WARN_STRICT_PROTOTYPES = YES;
				CLANG_WARN_SUSPICIOUS_MOVE = YES;
				CLANG_WARN_UNGUARDED_AVAILABILITY = YES_AGGRESSIVE;
				CLANG_WARN_UNREACHABLE_CODE = YES;
				CLANG_WARN__DUPLICATE_METHOD_MATCH = YES;
				COPY_PHASE_STRIP = NO;
				DEBUG_INFORMATION_FORMAT = dwarf;
				ENABLE_STRICT_OBJC_MSGSEND = YES;
				ENABLE_TESTABILITY = YES;
				GCC_C_LANGUAGE_STANDARD = gnu11;
				GCC_DYNAMIC_NO_PIC = NO;
				GCC_NO_COMMON_BLOCKS = YES;
				GCC_OPTIMIZATION_LEVEL = 0;
				GCC_PREPROCESSOR_DEFINITIONS = (
					"DEBUG=1",
					"$(inherited)",
				);
				GCC_WARN_64_TO_32_BIT_CONVERSION = YES;
				GCC_WARN_ABOUT_RETURN_TYPE = YES_ERROR;
				GCC_WARN_UNDECLARED_SELECTOR = YES;
				GCC_WARN_UNINITIALIZED_AUTOS = YES_AGGRESSIVE;
				GCC_WARN_UNUSED_FUNCTION = YES;
				GCC_WARN_UNUSED_VARIABLE = YES;
				IPHONEOS_DEPLOYMENT_TARGET = 16.4;
				MTL_ENABLE_DEBUG_INFO = INCLUDE_SOURCE;
				MTL_FAST_MATH = YES;
				ONLY_ACTIVE_ARCH = YES;
				SDKROOT = iphoneos;
				SWIFT_ACTIVE_COMPILATION_CONDITIONS = DEBUG;
				SWIFT_OPTIMIZATION_LEVEL = "-Onone";
			};
			name = Debug;
		};
		267EF98A2AF7EE900059FB73 /* Release */ = {
			isa = XCBuildConfiguration;
			buildSettings = {
				ALWAYS_SEARCH_USER_PATHS = NO;
				CLANG_ANALYZER_NONNULL = YES;
				CLANG_ANALYZER_NUMBER_OBJECT_CONVERSION = YES_AGGRESSIVE;
				CLANG_CXX_LANGUAGE_STANDARD = "gnu++20";
				CLANG_ENABLE_MODULES = YES;
				CLANG_ENABLE_OBJC_ARC = YES;
				CLANG_ENABLE_OBJC_WEAK = YES;
				CLANG_WARN_BLOCK_CAPTURE_AUTORELEASING = YES;
				CLANG_WARN_BOOL_CONVERSION = YES;
				CLANG_WARN_COMMA = YES;
				CLANG_WARN_CONSTANT_CONVERSION = YES;
				CLANG_WARN_DEPRECATED_OBJC_IMPLEMENTATIONS = YES;
				CLANG_WARN_DIRECT_OBJC_ISA_USAGE = YES_ERROR;
				CLANG_WARN_DOCUMENTATION_COMMENTS = YES;
				CLANG_WARN_EMPTY_BODY = YES;
				CLANG_WARN_ENUM_CONVERSION = YES;
				CLANG_WARN_INFINITE_RECURSION = YES;
				CLANG_WARN_INT_CONVERSION = YES;
				CLANG_WARN_NON_LITERAL_NULL_CONVERSION = YES;
				CLANG_WARN_OBJC_IMPLICIT_RETAIN_SELF = YES;
				CLANG_WARN_OBJC_LITERAL_CONVERSION = YES;
				CLANG_WARN_OBJC_ROOT_CLASS = YES_ERROR;
				CLANG_WARN_QUOTED_INCLUDE_IN_FRAMEWORK_HEADER = YES;
				CLANG_WARN_RANGE_LOOP_ANALYSIS = YES;
				CLANG_WARN_STRICT_PROTOTYPES = YES;
				CLANG_WARN_SUSPICIOUS_MOVE = YES;
				CLANG_WARN_UNGUARDED_AVAILABILITY = YES_AGGRESSIVE;
				CLANG_WARN_UNREACHABLE_CODE = YES;
				CLANG_WARN__DUPLICATE_METHOD_MATCH = YES;
				COPY_PHASE_STRIP = NO;
				DEBUG_INFORMATION_FORMAT = "dwarf-with-dsym";
				ENABLE_NS_ASSERTIONS = NO;
				ENABLE_STRICT_OBJC_MSGSEND = YES;
				GCC_C_LANGUAGE_STANDARD = gnu11;
				GCC_NO_COMMON_BLOCKS = YES;
				GCC_WARN_64_TO_32_BIT_CONVERSION = YES;
				GCC_WARN_ABOUT_RETURN_TYPE = YES_ERROR;
				GCC_WARN_UNDECLARED_SELECTOR = YES;
				GCC_WARN_UNINITIALIZED_AUTOS = YES_AGGRESSIVE;
				GCC_WARN_UNUSED_FUNCTION = YES;
				GCC_WARN_UNUSED_VARIABLE = YES;
				IPHONEOS_DEPLOYMENT_TARGET = 16.4;
				MTL_ENABLE_DEBUG_INFO = NO;
				MTL_FAST_MATH = YES;
				SDKROOT = iphoneos;
				SWIFT_COMPILATION_MODE = wholemodule;
				SWIFT_OPTIMIZATION_LEVEL = "-O";
				VALIDATE_PRODUCT = YES;
			};
			name = Release;
		};
		267EF98C2AF7EE900059FB73 /* Debug */ = {
			isa = XCBuildConfiguration;
			buildSettings = {
				ASSETCATALOG_COMPILER_APPICON_NAME = AppIcon;
				ASSETCATALOG_COMPILER_GLOBAL_ACCENT_COLOR_NAME = AccentColor;
				CODE_SIGN_STYLE = Automatic;
				CURRENT_PROJECT_VERSION = 1;
				DEVELOPMENT_ASSET_PATHS = "\"RoshettaBanner/Preview Content\"";
				DEVELOPMENT_TEAM = 587KJ2SYVV;
				ENABLE_PREVIEWS = YES;
				GENERATE_INFOPLIST_FILE = YES;
				INFOPLIST_KEY_UIApplicationSceneManifest_Generation = YES;
				INFOPLIST_KEY_UIApplicationSupportsIndirectInputEvents = YES;
				INFOPLIST_KEY_UILaunchScreen_Generation = YES;
				INFOPLIST_KEY_UISupportedInterfaceOrientations_iPad = "UIInterfaceOrientationPortrait UIInterfaceOrientationPortraitUpsideDown UIInterfaceOrientationLandscapeLeft UIInterfaceOrientationLandscapeRight";
				INFOPLIST_KEY_UISupportedInterfaceOrientations_iPhone = "UIInterfaceOrientationPortrait UIInterfaceOrientationLandscapeLeft UIInterfaceOrientationLandscapeRight";
				LD_RUNPATH_SEARCH_PATHS = (
					"$(inherited)",
					"@executable_path/Frameworks",
				);
				MARKETING_VERSION = 1.0;
				PRODUCT_BUNDLE_IDENTIFIER = sami.RoshettaBanner;
				PRODUCT_NAME = "$(TARGET_NAME)";
				SWIFT_EMIT_LOC_STRINGS = YES;
				SWIFT_VERSION = 5.0;
				TARGETED_DEVICE_FAMILY = "1,2";
			};
			name = Debug;
		};
		267EF98D2AF7EE900059FB73 /* Release */ = {
			isa = XCBuildConfiguration;
			buildSettings = {
				ASSETCATALOG_COMPILER_APPICON_NAME = AppIcon;
				ASSETCATALOG_COMPILER_GLOBAL_ACCENT_COLOR_NAME = AccentColor;
				CODE_SIGN_STYLE = Automatic;
				CURRENT_PROJECT_VERSION = 1;
				DEVELOPMENT_ASSET_PATHS = "\"RoshettaBanner/Preview Content\"";
				DEVELOPMENT_TEAM = 587KJ2SYVV;
				ENABLE_PREVIEWS = YES;
				GENERATE_INFOPLIST_FILE = YES;
				INFOPLIST_KEY_UIApplicationSceneManifest_Generation = YES;
				INFOPLIST_KEY_UIApplicationSupportsIndirectInputEvents = YES;
				INFOPLIST_KEY_UILaunchScreen_Generation = YES;
				INFOPLIST_KEY_UISupportedInterfaceOrientations_iPad = "UIInterfaceOrientationPortrait UIInterfaceOrientationPortraitUpsideDown UIInterfaceOrientationLandscapeLeft UIInterfaceOrientationLandscapeRight";
				INFOPLIST_KEY_UISupportedInterfaceOrientations_iPhone = "UIInterfaceOrientationPortrait UIInterfaceOrientationLandscapeLeft UIInterfaceOrientationLandscapeRight";
				LD_RUNPATH_SEARCH_PATHS = (
					"$(inherited)",
					"@executable_path/Frameworks",
				);
				MARKETING_VERSION = 1.0;
				PRODUCT_BUNDLE_IDENTIFIER = sami.RoshettaBanner;
				PRODUCT_NAME = "$(TARGET_NAME)";
				SWIFT_EMIT_LOC_STRINGS = YES;
				SWIFT_VERSION = 5.0;
				TARGETED_DEVICE_FAMILY = "1,2";
			};
			name = Release;
		};
/* End XCBuildConfiguration section */

/* Begin XCConfigurationList section */
		267EF9782AF7EE8E0059FB73 /* Build configuration list for PBXProject "RoshettaBanner" */ = {
			isa = XCConfigurationList;
			buildConfigurations = (
				267EF9892AF7EE900059FB73 /* Debug */,
				267EF98A2AF7EE900059FB73 /* Release */,
			);
			defaultConfigurationIsVisible = 0;
			defaultConfigurationName = Release;
		};
		267EF98B2AF7EE900059FB73 /* Build configuration list for PBXNativeTarget "RoshettaBanner" */ = {
			isa = XCConfigurationList;
			buildConfigurations = (
				267EF98C2AF7EE900059FB73 /* Debug */,
				267EF98D2AF7EE900059FB73 /* Release */,
			);
			defaultConfigurationIsVisible = 0;
			defaultConfigurationName = Release;
		};
/* End XCConfigurationList section */
	};
	rootObject = 267EF9752AF7EE8E0059FB73 /* Project object */;
}
